
Microsoft Visual Studio Solution File, Format Version 12.00
Project("{FAE04EC0-301F-11D3-BF4B-00C04F79EFBC}") = "SPAWM-Lab01", "SPAWM-Lab01\SPAWM-Lab01.csproj", "{A077E000-A5F8-4CA9-97DD-76AE68F4293D}"
EndProject
Global
	GlobalSection(SolutionConfigurationPlatforms) = preSolution
		Debug|Any CPU = Debug|Any CPU
		Release|Any CPU = Release|Any CPU
	EndGlobalSection
	GlobalSection(ProjectConfigurationPlatforms) = postSolution
		{A077E000-A5F8-4CA9-97DD-76AE68F4293D}.Debug|Any CPU.ActiveCfg = Debug|Any CPU
		{A077E000-A5F8-4CA9-97DD-76AE68F4293D}.Debug|Any CPU.Build.0 = Debug|Any CPU
		{A077E000-A5F8-4CA9-97DD-76AE68F4293D}.Release|Any CPU.ActiveCfg = Release|Any CPU
		{A077E000-A5F8-4CA9-97DD-76AE68F4293D}.Release|Any CPU.Build.0 = Release|Any CPU
	EndGlobalSection
EndGlobal
